<?xml version="1.0" encoding="utf-8"?>
<Project ToolsVersion="4.0" xmlns="http://schemas.microsoft.com/developer/msbuild/2003">
  <ItemGroup>
    <Filter Include="Source Files">
      <UniqueIdentifier>{4FC737F1-C7A5-4376-A066-2A32D752A2FF}</UniqueIdentifier>
      <Extensions>cpp;c;cc;cxx;c++;cppm;ixx;def;odl;idl;hpj;bat;asm;asmx</Extensions>
    </Filter>
    <Filter Include="Header Files">
      <UniqueIdentifier>{93995380-89BD-4b04-88EB-625FBE52EBFB}</UniqueIdentifier>
      <Extensions>h;hh;hpp;hxx;h++;hm;inl;inc;ipp;xsd</Extensions>
    </Filter>
    <Filter Include="DataStructures">
      <UniqueIdentifier>{56c2c6b7-d310-428e-a081-514145c9be9e}</UniqueIdentifier>
    </Filter>
    <Filter Include="DataStructures\Vector2">
      <UniqueIdentifier>{a134fece-209e-4f82-a61c-770856b00cdd}</UniqueIdentifier>
    </Filter>
    <Filter Include="DataStructures\Vector3">
      <UniqueIdentifier>{005addc3-7fbe-4001-bb1d-0a05b14567ca}</UniqueIdentifier>
    </Filter>
    <Filter Include="DataStructures\Vector4">
      <UniqueIdentifier>{e8ce569d-6381-4e4c-895c-b992cfed7036}</UniqueIdentifier>
    </Filter>
    <Filter Include="SwappedBytes">
      <UniqueIdentifier>{cff1f45a-10c9-4d7c-83d3-fcfc10ec5605}</UniqueIdentifier>
    </Filter>
  </ItemGroup>
  <ItemGroup>
    <ClInclude Include="src\Vector2.h">
      <Filter>DataStructures\Vector2</Filter>
    </ClInclude>
    <ClInclude Include="src\Vector3.h">
      <Filter>DataStructures\Vector3</Filter>
    </ClInclude>
    <ClInclude Include="src\Vector4.h">
      <Filter>DataStructures\Vector4</Filter>
    </ClInclude>
    <ClInclude Include="src\HookLibrary.h">
      <Filter>Header Files</Filter>
    </ClInclude>
    <ClInclude Include="src\DataTypes.h">
      <Filter>Header Files</Filter>
    </ClInclude>
    <ClInclude Include="src\SwappedBytes.h">
      <Filter>SwappedBytes</Filter>
    </ClInclude>
  </ItemGroup>
  <ItemGroup>
    <ClCompile Include="src\Vector2.cpp">
      <Filter>DataStructures\Vector2</Filter>
    </ClCompile>
    <ClCompile Include="src\Vector3.cpp">
      <Filter>DataStructures\Vector3</Filter>
    </ClCompile>
    <ClCompile Include="src\Vector4.cpp">
      <Filter>DataStructures\Vector4</Filter>
    </ClCompile>
    <ClCompile Include="src\SwappedBytes.cpp">
      <Filter>SwappedBytes</Filter>
    </ClCompile>
  </ItemGroup>
</Project>